
Microsoft Visual Studio Solution File, Format Version 12.00
# Visual Studio 2013
VisualStudioVersion = 12.0.30110.0
MinimumVisualStudioVersion = 10.0.40219.1
Project("{FAE04EC0-301F-11D3-BF4B-00C04F79EFBC}") = "HIDVIWINCS", "HIDVIWINCS\HIDVIWINCS.csproj", "{CAF49039-2552-495A-B036-D3AF5D98E664}"
EndProject
Project("{2150E333-8FDC-42A3-9474-1A3956D46DE8}") = ".nuget", ".nuget", "{3A000B54-7CF7-4A1B-91F6-3824499F76C8}"
	ProjectSection(SolutionItems) = preProject
		.nuget\NuGet.Config = .nuget\NuGet.Config
		.nuget\NuGet.exe = .nuget\NuGet.exe
		.nuget\NuGet.targets = .nuget\NuGet.targets
	EndProjectSection
EndProject
Global
	GlobalSection(SolutionConfigurationPlatforms) = preSolution
		Debug|Any CPU = Debug|Any CPU
		Release|Any CPU = Release|Any CPU
	EndGlobalSection
	GlobalSection(ProjectConfigurationPlatforms) = postSolution
		{CAF49039-2552-495A-B036-D3AF5D98E664}.Debug|Any CPU.ActiveCfg = Debug|Any CPU
		{CAF49039-2552-495A-B036-D3AF5D98E664}.Debug|Any CPU.Build.0 = Debug|Any CPU
		{CAF49039-2552-495A-B036-D3AF5D98E664}.Release|Any CPU.ActiveCfg = Release|Any CPU
		{CAF49039-2552-495A-B036-D3AF5D98E664}.Release|Any CPU.Build.0 = Release|Any CPU
	EndGlobalSection
	GlobalSection(SolutionProperties) = preSolution
		HideSolutionNode = FALSE
	EndGlobalSection
EndGlobal
